
Microsoft Visual Studio Solution File, Format Version 12.00
# Visual Studio Version 16
VisualStudioVersion = 16.0.31911.196
MinimumVisualStudioVersion = 10.0.40219.1
Project("{8BC9CEB8-8B4A-11D0-8D11-00A0C91BC942}") = "Lab2", "Lab2\Lab2.vcxproj", "{53738FA6-EDCC-41E3-A805-742B7BA3DCB0}"
EndProject
Global
	GlobalSection(SolutionConfigurationPlatforms) = preSolution
		Debug|x64 = Debug|x64
		Debug|x86 = Debug|x86
		Release|x64 = Release|x64
		Release|x86 = Release|x86
	EndGlobalSection
	GlobalSection(ProjectConfigurationPlatforms) = postSolution
		{53738FA6-EDCC-41E3-A805-742B7BA3DCB0}.Debug|x64.ActiveCfg = Debug|x64
		{53738FA6-EDCC-41E3-A805-742B7BA3DCB0}.Debug|x64.Build.0 = Debug|x64
		{53738FA6-EDCC-41E3-A805-742B7BA3DCB0}.Debug|x86.ActiveCfg = Debug|Win32
		{53738FA6-EDCC-41E3-A805-742B7BA3DCB0}.Debug|x86.Build.0 = Debug|Win32
		{53738FA6-EDCC-41E3-A805-742B7BA3DCB0}.Release|x64.ActiveCfg = Release|x64
		{53738FA6-EDCC-41E3-A805-742B7BA3DCB0}.Release|x64.Build.0 = Release|x64
		{53738FA6-EDCC-41E3-A805-742B7BA3DCB0}.Release|x86.ActiveCfg = Release|Win32
		{53738FA6-EDCC-41E3-A805-742B7BA3DCB0}.Release|x86.Build.0 = Release|Win32
	EndGlobalSection
	GlobalSection(SolutionProperties) = preSolution
		HideSolutionNode = FALSE
	EndGlobalSection
	GlobalSection(ExtensibilityGlobals) = postSolution
		SolutionGuid = {31EA0BD3-4A9A-4023-A4BF-0659448BD9D9}
	EndGlobalSection
EndGlobal
